github.com/friendsofgo/errors v0.9.2 h1:X6NYxef4efCBdwI7BgS820zFaN7Cphrmb+Pljdzjtgk=
github.com/friendsofgo/errors v0.9.2/go.mod h1:yCvFW5AkDIL9qn7suHVLiI/gH228n7PC4Pn44IGoTOI=
github.com/go-sql-driver/mysql v1.5.0 h1:ozyZYNQW3x3HtqT1jira07DN2PArx2v7/mN66gGcHOs=
github.com/go-sql-driver/mysql v1.5.0/go.mod h1:DCzpHaOWr8IXmIStZouvnhqoel9Qv2LBy8hT2VhHyBg=
github.com/gofrs/uuid v1.2.0 h1:coDhrjgyJaglxSjxuJdqQSSdUpG3w6p1OwN2od6frBU=
github.com/gofrs/uuid v3.3.0+incompatible h1:8K4tyRfvU1CYPgJsveYFQMhpFd/wXNM7iK6rR7UHz84=
github.com/gofrs/uuid v3.3.0+incompatible/go.mod h1:b2aQJv3Z4Fp6yNu3cdSllBxTCLRxnplIgP/c0N/04lM=
github.com/volatiletech/inflect v0.0.1 h1:2a6FcMQyhmPZcLa+uet3VJ8gLn/9svWhJxJYwvE8KsU=
github.com/volatiletech/inflect v0.0.1/go.mod h1:IBti31tG6phkHitLlr5j7shC5SOo//x0AjDzaJU1PLA=
github.com/volatiletech/null v8.0.0+incompatible h1:7wP8m5d/gZ6kW/9GnrLtMCRre2dlEnaQ9Km5OXlK4zg=
github.com/volatiletech/null v8.0.0+incompatible/go.mod h1:0wD98JzdqB+rLyZ70fN05VDbXbafIb0KU0MdVhCzmOQ=
github.com/volatiletech/sqlboiler v1.0.0 h1:p0aCjD4tyDfjDjL6jakkfnrWWC4Z2wd1SNM7sS3rzAQ=
github.com/volatiletech/sqlboiler v3.7.1+incompatible h1:dm9/NjDskQVwAarmpeZ2UqLn1NKE8M3WHSHBS4jw2x8=
github.com/volatiletech/sqlboiler v3.7.1+incompatible/go.mod h1:jLfDkkHWPbS2cWRLkyC20vQWaIQsASEY7gM7zSo11Yw=
golang.org/x/xerrors v0.0.0-20190717185122-a985d3407aa7 h1:9zdDQZ7Thm29KFXgAX/+yaf3eVbP7djjWp/dXAppNCc=
golang.org/x/xerrors v0.0.0-20190717185122-a985d3407aa7/go.mod h1:I/5z698sn9Ka8TeJc9MKroUUfqBBauWjQqLJ2OPfmY0=
